github.com/blakek/go-notifier v0.1.0 h1:ZhB7OVgbfXWL9m919xvqCfwoSsoen4oFzVUr+m1Ozec=
github.com/blakek/go-notifier v0.1.0/go.mod h1:vRLSkYnhnPiXD1kgtpBh6JpZDkFfVDdcn1dz7/rQObM=
github.com/davecgh/go-spew v1.1.1 h1:vj9j/u1bqnvCEfJOwUhtlOARqs3+rkHYY13jYWTU97c=
github.com/davecgh/go-spew v1.1.1/go.mod h1:J7Y8YcW2NihsgmVo/mv3lAwl/skON4iLHjSsI+c5H38=
github.com/pelletier/go-toml v1.8.1 h1:1Nf83orprkJyknT6h7zbuEGUEjcyVlCxSUGTENmNCRM=
github.com/pelletier/go-toml v1.8.1/go.mod h1:T2/BmBdy8dvIRq1a/8aqjN41wvWlN4lrapLU/GW4pbc=
github.com/pmezard/go-difflib v1.0.0 h1:4DBwDE0NGyQoBHbLQYPwSUPoCMWR5BEzIk/f1lZbAQM=
github.com/pmezard/go-difflib v1.0.0/go.mod h1:iKH77koFhYxTK1pcRnkKkqfTogsbg7gZNVY4sRDYZ/4=
github.com/robfig/cron v1.2.0 h1:ZjScXvvxeQ63Dbyxy76Fj3AT3Ut0aKsyd2/tl3DTMuQ=
github.com/robfig/cron v1.2.0/go.mod h1:JGuDeoQd7Z6yL4zQhZ3OPEVHB7fL6Ka6skscFHfmt2k=
github.com/sirupsen/logrus v1.7.0 h1:ShrD1U9pZB12TX0cVy0DtePoCH97K8EtX+mg7ZARUtM=
github.com/sirupsen/logrus v1.7.0/go.mod h1:yWOB1SBYBC5VeMP7gHvWumXLIWorT60ONWic61uBYv0=
github.com/stretchr/testify v1.2.2 h1:bSDNvY7ZPG5RlJ8otE/7V6gMiyenm9RtJ7IUVIAoJ1w=
github.com/stretchr/testify v1.2.2/go.mod h1:a8OnRcib4nhh0OaRAV+Yts87kKdq0PP7pXfy6kDkUVs=
github.com/vbatoufflet/go-livestatus v0.0.0-20190218065636-65182dd594b0 h1:vxTddNn2MVQhjSm7SCokEeEKb2+8q2ydyzyOeP9pfuw=
github.com/vbatoufflet/go-livestatus v0.0.0-20190218065636-65182dd594b0/go.mod h1:8qJvAGsFIkfL/f/XyEBgWZKfagJ7umTHqCF7OZ0utvE=
golang.org/x/sys v0.0.0-20191026070338-33540a1f6037 h1:YyJpGZS1sBuBCzLAR1VEpK193GlqGZbnPFnPV/5Rsb4=
golang.org/x/sys v0.0.0-20191026070338-33540a1f6037/go.mod h1:h1NjWce9XRLGQEsW7wpKNCjG9DtNlClVuFLEZdDNbEs=
